# This file was autogenerated by Stack.
# You should not edit this file by hand.
# For more information, please see the documentation at:
#   https://docs.haskellstack.org/en/stable/lock_files

packages:
- completed:
    hackage: cairo-0.13.8.0@sha256:9b64a376ebaa4f153bba5866a32291fd4bed48147009cce9158ce6533928eba8,4075
    pantry-tree:
      size: 2830
      sha256: 07aeb4b5eaa1d8201f67f4b8011aaf182ceb4e558066e59d482485fc02895994
  original:
    hackage: cairo-0.13.8.0
- completed:
    hackage: gio-0.13.8.0@sha256:5691212b07dc4193ea6f8202a625c9515d750b249aeafc659139e29a5ec61436,3116
    pantry-tree:
      size: 2036
      sha256: 0dd6b7b8aceaa8bf6e356f63337e20d312c568b345b57f5c3f4b3aab5c219cac
  original:
    hackage: gio-0.13.8.0
- completed:
    hackage: glib-0.13.8.0@sha256:97698bd054bad38756f3ef0220d7684f72e42660d261e9b118aa73419ce9207d,3136
    pantry-tree:
      size: 1625
      sha256: 1a9d5731f5a7e40da0e5a25e25fea9da259c720e8c0263da1c4836488b60b4c1
  original:
    hackage: glib-0.13.8.0
- completed:
    hackage: gtk2hs-buildtools-0.13.8.0@sha256:132f38155fc677430a47ea750918973161c876fb6f281d342ac2f07eb99229ce,5238
    pantry-tree:
      size: 3588
      sha256: 4552e3c0f2ef0f16285c38898d7e2b6aeea67d4e37cd203b0c82f70592096c45
  original:
    hackage: gtk2hs-buildtools-0.13.8.0
- completed:
    hackage: gtk3-0.15.4@sha256:e8de08763cb757c4be202a4eb7551a108b49cd59aa90bc7e2d680893d5fccec1,19491
    pantry-tree:
      size: 21251
      sha256: d58917c46a6a8477a471d914783798a43bf63341a355bc27442a8fd34d76aea3
  original:
    hackage: gtk3-0.15.4
- completed:
    hackage: hsndfile-0.8.0@sha256:3e77b6a4997e2c92b99864b1d63ec8fa42c9e4e26988f74bdf9930eb6793a323,1757
    pantry-tree:
      size: 745
      sha256: cb772a261c57519cb26e039baf541db8553dac9fa35ada7457f13c82e1f9c73c
  original:
    hackage: hsndfile-0.8.0
- completed:
    hackage: hsndfile-vector-0.5.2@sha256:1cbe8589864a119bf8fe3768066e266a4e5d27aae9c2c17d36311e1bdb96102c,1261
    pantry-tree:
      size: 320
      sha256: e925694caa4b43932117c8f8036c6179be0d5330f1b6d697133012b9322f1fd9
  original:
    hackage: hsndfile-vector-0.5.2
- completed:
    hackage: pango-0.13.8.0@sha256:690149ea2efb03c783937b69a5ec6ac854806146fd760e28e800634a6c2243c1,3897
    pantry-tree:
      size: 1506
      sha256: 328fc8a2e574379bfbc9b710270d3f6be7ed2c9bf5e10477a3256c0d2d362024
  original:
    hackage: pango-0.13.8.0
snapshots:
- completed:
    size: 524996
    url: https://raw.githubusercontent.com/commercialhaskell/stackage-snapshots/master/lts/14/27.yaml
    sha256: 7ea31a280c56bf36ff591a7397cc384d0dff622e7f9e4225b47d8980f019a0f0
  original: lts-14.27
